
Microsoft Visual Studio Solution File, Format Version 12.00
# Visual Studio Version 17
VisualStudioVersion = 17.1.32210.238
MinimumVisualStudioVersion = 10.0.40219.1
Project("{9A19103F-16F7-4668-BE54-9A1E7A4F7556}") = "FFS", "FFS.csproj", "{EE02E683-3E9D-4877-A6D4-FF200598134A}"
EndProject
Global
	GlobalSection(SolutionConfigurationPlatforms) = preSolution
		Debug|Any CPU = Debug|Any CPU
		Release|Any CPU = Release|Any CPU
	EndGlobalSection
	GlobalSection(ProjectConfigurationPlatforms) = postSolution
		{EE02E683-3E9D-4877-A6D4-FF200598134A}.Debug|Any CPU.ActiveCfg = Debug|Any CPU
		{EE02E683-3E9D-4877-A6D4-FF200598134A}.Debug|Any CPU.Build.0 = Debug|Any CPU
		{EE02E683-3E9D-4877-A6D4-FF200598134A}.Release|Any CPU.ActiveCfg = Release|Any CPU
		{EE02E683-3E9D-4877-A6D4-FF200598134A}.Release|Any CPU.Build.0 = Release|Any CPU
	EndGlobalSection
	GlobalSection(SolutionProperties) = preSolution
		HideSolutionNode = FALSE
	EndGlobalSection
	GlobalSection(ExtensibilityGlobals) = postSolution
		SolutionGuid = {4BAFBB63-64F9-4A58-8973-4BECECC02B0E}
	EndGlobalSection
EndGlobal
